# This file is automatically @generated by Cargo.
# It is not intended for manual editing.
version = 3

[[package]]
name = "kz80_calc"
version = "0.1.0"
dependencies = [
 "retroshield-z80-workbench",
]

[[package]]
name = "retroshield-z80-workbench"
version = "0.1.0"
source = "registry+https://github.com/rust-lang/crates.io-index"
checksum = "8bea5b2e05a12258f7aa26a30816898dc83bdd46dbe99fb92ca366d53094518b"
